
Microsoft Visual Studio Solution File, Format Version 12.00
# Visual Studio Version 17
VisualStudioVersion = 17.7.34003.232
MinimumVisualStudioVersion = 10.0.40219.1
Project("{FAE04EC0-301F-11D3-BF4B-00C04F79EFBC}") = "Api", "Api\Api.csproj", "{87DB0D79-92F2-4BE6-86E2-E48A7E9AAEEA}"
	ProjectSection(ProjectDependencies) = postProject
		{CB512E3B-137F-4D52-90A2-2F6C8362B208} = {CB512E3B-137F-4D52-90A2-2F6C8362B208}
	EndProjectSection
EndProject
Project("{FAE04EC0-301F-11D3-BF4B-00C04F79EFBC}") = "Core", "Core\Core.csproj", "{67CF704E-4E28-488A-9829-FFB7F5D62473}"
EndProject
Project("{FAE04EC0-301F-11D3-BF4B-00C04F79EFBC}") = "Infrastructure", "Infrastructure\Infrastructure.csproj", "{CB512E3B-137F-4D52-90A2-2F6C8362B208}"
EndProject
Global
	GlobalSection(SolutionConfigurationPlatforms) = preSolution
		Debug|Any CPU = Debug|Any CPU
		Release|Any CPU = Release|Any CPU
	EndGlobalSection
	GlobalSection(ProjectConfigurationPlatforms) = postSolution
		{87DB0D79-92F2-4BE6-86E2-E48A7E9AAEEA}.Debug|Any CPU.ActiveCfg = Debug|Any CPU
		{87DB0D79-92F2-4BE6-86E2-E48A7E9AAEEA}.Debug|Any CPU.Build.0 = Debug|Any CPU
		{87DB0D79-92F2-4BE6-86E2-E48A7E9AAEEA}.Release|Any CPU.ActiveCfg = Release|Any CPU
		{87DB0D79-92F2-4BE6-86E2-E48A7E9AAEEA}.Release|Any CPU.Build.0 = Release|Any CPU
		{67CF704E-4E28-488A-9829-FFB7F5D62473}.Debug|Any CPU.ActiveCfg = Debug|Any CPU
		{67CF704E-4E28-488A-9829-FFB7F5D62473}.Debug|Any CPU.Build.0 = Debug|Any CPU
		{67CF704E-4E28-488A-9829-FFB7F5D62473}.Release|Any CPU.ActiveCfg = Release|Any CPU
		{67CF704E-4E28-488A-9829-FFB7F5D62473}.Release|Any CPU.Build.0 = Release|Any CPU
		{CB512E3B-137F-4D52-90A2-2F6C8362B208}.Debug|Any CPU.ActiveCfg = Debug|Any CPU
		{CB512E3B-137F-4D52-90A2-2F6C8362B208}.Debug|Any CPU.Build.0 = Debug|Any CPU
		{CB512E3B-137F-4D52-90A2-2F6C8362B208}.Release|Any CPU.ActiveCfg = Release|Any CPU
		{CB512E3B-137F-4D52-90A2-2F6C8362B208}.Release|Any CPU.Build.0 = Release|Any CPU
	EndGlobalSection
	GlobalSection(SolutionProperties) = preSolution
		HideSolutionNode = FALSE
	EndGlobalSection
	GlobalSection(ExtensibilityGlobals) = postSolution
		SolutionGuid = {5F58E2CF-627F-4083-979D-735ED5052C0A}
	EndGlobalSection
EndGlobal
